// !$*UTF8*$!
{
	archiveVersion = 1;
	classes = {
	};
	objectVersion = 54;
	objects = {

/* Begin PBXBuildFile section */
		226019EB1C6C0B4EEDECE581 /* Pods_AR_GunMan.framework in Frameworks */ = {isa = PBXBuildFile; fileRef = A15C5C6C4F21F49BA2045EAE /* Pods_AR_GunMan.framework */; };
		59940B882552F54900EC20C1 /* GoogleService-Info.plist in Resources */ = {isa = PBXBuildFile; fileRef = 59940B872552F54900EC20C1 /* GoogleService-Info.plist */; };
		59D2D4E52552DE67006DDB70 /* LaunchScreen.storyboard in Resources */ = {isa = PBXBuildFile; fileRef = 59D2D4E32552DE67006DDB70 /* LaunchScreen.storyboard */; };
		7D666F75BEA91600FC5E086A /* Pods_AR_GunMan_AR_GunManUITests.framework in Frameworks */ = {isa = PBXBuildFile; fileRef = 9A887CD7D51B34E100CB1D4A /* Pods_AR_GunMan_AR_GunManUITests.framework */; };
		860646C12BF59A3F00906DA0 /* LaunchScreen.storyboard in Resources */ = {isa = PBXBuildFile; fileRef = 59D2D4E32552DE67006DDB70 /* LaunchScreen.storyboard */; };
		860646C22BF59A4000906DA0 /* LaunchScreen.storyboard in Resources */ = {isa = PBXBuildFile; fileRef = 59D2D4E32552DE67006DDB70 /* LaunchScreen.storyboard */; };
		BC0D546E2D432FAE00D69795 /* pistol_appear.mp3 in Resources */ = {isa = PBXBuildFile; fileRef = BC0D54652D432FAE00D69795 /* pistol_appear.mp3 */; };
		BC0D546F2D432FAE00D69795 /* pistol_fire.mp3 in Resources */ = {isa = PBXBuildFile; fileRef = BC0D54662D432FAE00D69795 /* pistol_fire.mp3 */; };
		BC0D54702D432FAE00D69795 /* bazooka_fire.mp3 in Resources */ = {isa = PBXBuildFile; fileRef = BC0D54622D432FAE00D69795 /* bazooka_fire.mp3 */; };
		BC0D54712D432FAE00D69795 /* ranking_appear.mp3 in Resources */ = {isa = PBXBuildFile; fileRef = BC0D54692D432FAE00D69795 /* ranking_appear.mp3 */; };
		BC0D54722D432FAE00D69795 /* pistol_reload.mp3 in Resources */ = {isa = PBXBuildFile; fileRef = BC0D54682D432FAE00D69795 /* pistol_reload.mp3 */; };
		BC0D54732D432FAE00D69795 /* bazooka_explosion.mp3 in Resources */ = {isa = PBXBuildFile; fileRef = BC0D54612D432FAE00D69795 /* bazooka_explosion.mp3 */; };
		BC0D54742D432FAE00D69795 /* start_whistle.mp3 in Resources */ = {isa = PBXBuildFile; fileRef = BC0D546A2D432FAE00D69795 /* start_whistle.mp3 */; };
		BC0D54752D432FAE00D69795 /* pistol_out_of_bullets.mp3 in Resources */ = {isa = PBXBuildFile; fileRef = BC0D54672D432FAE00D69795 /* pistol_out_of_bullets.mp3 */; };
		BC0D54762D432FAE00D69795 /* end_whistle.mp3 in Resources */ = {isa = PBXBuildFile; fileRef = BC0D54642D432FAE00D69795 /* end_whistle.mp3 */; };
		BC0D54772D432FAE00D69795 /* western_pistol_fire.mp3 in Resources */ = {isa = PBXBuildFile; fileRef = BC0D546D2D432FAE00D69795 /* western_pistol_fire.mp3 */; };
		BC0D54782D432FAE00D69795 /* target_hit.mp3 in Resources */ = {isa = PBXBuildFile; fileRef = BC0D546C2D432FAE00D69795 /* target_hit.mp3 */; };
		BC0D54792D432FAE00D69795 /* target_appearance_change.mp3 in Resources */ = {isa = PBXBuildFile; fileRef = BC0D546B2D432FAE00D69795 /* target_appearance_change.mp3 */; };
		BC0D547A2D432FAE00D69795 /* bazooka_appear.mp3 in Resources */ = {isa = PBXBuildFile; fileRef = BC0D54602D432FAE00D69795 /* bazooka_appear.mp3 */; };
		BC0D547B2D432FAE00D69795 /* bazooka_reload.mp3 in Resources */ = {isa = PBXBuildFile; fileRef = BC0D54632D432FAE00D69795 /* bazooka_reload.mp3 */; };
		BC2BF8862D49D97700E202F0 /* ErrorConst.swift in Sources */ = {isa = PBXBuildFile; fileRef = BC2BF8852D49D96800E202F0 /* ErrorConst.swift */; };
		BC330B2B2D499261007C4501 /* FirebaseFirestore in Frameworks */ = {isa = PBXBuildFile; productRef = BC330B2A2D499261007C4501 /* FirebaseFirestore */; };
		BC5F55FE2D3B533500EA397A /* ARShooting in Frameworks */ = {isa = PBXBuildFile; productRef = BC5F55FD2D3B533500EA397A /* ARShooting */; };
		BC5F56002D3B533500EA397A /* Data in Frameworks */ = {isa = PBXBuildFile; productRef = BC5F55FF2D3B533500EA397A /* Data */; };
		BC5F56022D3B533500EA397A /* Domain in Frameworks */ = {isa = PBXBuildFile; productRef = BC5F56012D3B533500EA397A /* Domain */; };
		BC5F56042D3B533500EA397A /* WeaponControlMotion in Frameworks */ = {isa = PBXBuildFile; productRef = BC5F56032D3B533500EA397A /* WeaponControlMotion */; };
		BC90ECE02D47BD3500B34E4B /* AppDelegate.swift in Sources */ = {isa = PBXBuildFile; fileRef = BC90ECDF2D47BD3400B34E4B /* AppDelegate.swift */; };
		BCB93BA92C36DA9800DBFC46 /* GoogleService-Info.dev.plist in Resources */ = {isa = PBXBuildFile; fileRef = BCB93BA82C36DA9800DBFC46 /* GoogleService-Info.dev.plist */; };
		BCFDECFC2D3B45BD0023DC8A /* RepositoryFactory.swift in Sources */ = {isa = PBXBuildFile; fileRef = BCFDECAE2D3B45BC0023DC8A /* RepositoryFactory.swift */; };
		BCFDECFD2D3B45BD0023DC8A /* UseCaseFactory.swift in Sources */ = {isa = PBXBuildFile; fileRef = BCFDECAF2D3B45BC0023DC8A /* UseCaseFactory.swift */; };
		BCFDECFE2D3B45BD0023DC8A /* Color+Extension.swift in Sources */ = {isa = PBXBuildFile; fileRef = BCFDECB12D3B45BC0023DC8A /* Color+Extension.swift */; };
		BCFDECFF2D3B45BD0023DC8A /* Double+Extension.swift in Sources */ = {isa = PBXBuildFile; fileRef = BCFDECB22D3B45BC0023DC8A /* Double+Extension.swift */; };
		BCFDED002D3B45BD0023DC8A /* NSObject+Extension.swift in Sources */ = {isa = PBXBuildFile; fileRef = BCFDECB32D3B45BC0023DC8A /* NSObject+Extension.swift */; };
		BCFDED012D3B45BD0023DC8A /* CenterPreviewView.swift in Sources */ = {isa = PBXBuildFile; fileRef = BCFDECB52D3B45BD0023DC8A /* CenterPreviewView.swift */; };
		BCFDED022D3B45BD0023DC8A /* ContentFrameTrackableScrollView.swift in Sources */ = {isa = PBXBuildFile; fileRef = BCFDECB62D3B45BD0023DC8A /* ContentFrameTrackableScrollView.swift */; };
		BCFDED032D3B45BD0023DC8A /* CustomModalPresenter.swift in Sources */ = {isa = PBXBuildFile; fileRef = BCFDECB72D3B45BD0023DC8A /* CustomModalPresenter.swift */; };
		BCFDED042D3B45BD0023DC8A /* SafariViewControllerRepresentable.swift in Sources */ = {isa = PBXBuildFile; fileRef = BCFDECB82D3B45BD0023DC8A /* SafariViewControllerRepresentable.swift */; };
		BCFDED052D3B45BD0023DC8A /* SoundPlayer.swift in Sources */ = {isa = PBXBuildFile; fileRef = BCFDECB92D3B45BD0023DC8A /* SoundPlayer.swift */; };
		BCFDED062D3B45BD0023DC8A /* StopMotionAnimationView.swift in Sources */ = {isa = PBXBuildFile; fileRef = BCFDECBA2D3B45BD0023DC8A /* StopMotionAnimationView.swift */; };
		BCFDED072D3B45BD0023DC8A /* UIBlurEffectViewRepresentable.swift in Sources */ = {isa = PBXBuildFile; fileRef = BCFDECBB2D3B45BD0023DC8A /* UIBlurEffectViewRepresentable.swift */; };
		BCFDED082D3B45BD0023DC8A /* GameView.swift in Sources */ = {isa = PBXBuildFile; fileRef = BCFDECBD2D3B45BD0023DC8A /* GameView.swift */; };
		BCFDED092D3B45BD0023DC8A /* GameViewFactory.swift in Sources */ = {isa = PBXBuildFile; fileRef = BCFDECBE2D3B45BD0023DC8A /* GameViewFactory.swift */; };
		BCFDED0A2D3B45BD0023DC8A /* GameViewModel.swift in Sources */ = {isa = PBXBuildFile; fileRef = BCFDECBF2D3B45BD0023DC8A /* GameViewModel.swift */; };
		BCFDED0B2D3B45BD0023DC8A /* NameRegisterView.swift in Sources */ = {isa = PBXBuildFile; fileRef = BCFDECC12D3B45BD0023DC8A /* NameRegisterView.swift */; };
		BCFDED0C2D3B45BD0023DC8A /* NameRegisterViewFactory.swift in Sources */ = {isa = PBXBuildFile; fileRef = BCFDECC22D3B45BD0023DC8A /* NameRegisterViewFactory.swift */; };
		BCFDED0D2D3B45BD0023DC8A /* NameRegisterViewModel.swift in Sources */ = {isa = PBXBuildFile; fileRef = BCFDECC32D3B45BD0023DC8A /* NameRegisterViewModel.swift */; };
		BCFDED0E2D3B45BD0023DC8A /* RankingListItem.swift in Sources */ = {isa = PBXBuildFile; fileRef = BCFDECC52D3B45BD0023DC8A /* RankingListItem.swift */; };
		BCFDED0F2D3B45BE0023DC8A /* RankingListView.swift in Sources */ = {isa = PBXBuildFile; fileRef = BCFDECC62D3B45BD0023DC8A /* RankingListView.swift */; };
		BCFDED102D3B45BE0023DC8A /* RankingView.swift in Sources */ = {isa = PBXBuildFile; fileRef = BCFDECC72D3B45BD0023DC8A /* RankingView.swift */; };
		BCFDED112D3B45BE0023DC8A /* RankingViewFactory.swift in Sources */ = {isa = PBXBuildFile; fileRef = BCFDECC82D3B45BD0023DC8A /* RankingViewFactory.swift */; };
		BCFDED122D3B45BE0023DC8A /* RankingViewModel.swift in Sources */ = {isa = PBXBuildFile; fileRef = BCFDECC92D3B45BD0023DC8A /* RankingViewModel.swift */; };
		BCFDED132D3B45BE0023DC8A /* ResultView.swift in Sources */ = {isa = PBXBuildFile; fileRef = BCFDECCB2D3B45BD0023DC8A /* ResultView.swift */; };
		BCFDED142D3B45BE0023DC8A /* ResultViewFactory.swift in Sources */ = {isa = PBXBuildFile; fileRef = BCFDECCC2D3B45BD0023DC8A /* ResultViewFactory.swift */; };
		BCFDED152D3B45BE0023DC8A /* ResultViewModel.swift in Sources */ = {isa = PBXBuildFile; fileRef = BCFDECCD2D3B45BD0023DC8A /* ResultViewModel.swift */; };
		BCFDED162D3B45BE0023DC8A /* SettingsView.swift in Sources */ = {isa = PBXBuildFile; fileRef = BCFDECCF2D3B45BD0023DC8A /* SettingsView.swift */; };
		BCFDED172D3B45BE0023DC8A /* SettingsViewFactory.swift in Sources */ = {isa = PBXBuildFile; fileRef = BCFDECD02D3B45BD0023DC8A /* SettingsViewFactory.swift */; };
		BCFDED182D3B45BE0023DC8A /* SettingsViewModel.swift in Sources */ = {isa = PBXBuildFile; fileRef = BCFDECD12D3B45BD0023DC8A /* SettingsViewModel.swift */; };
		BCFDED192D3B45BE0023DC8A /* TopView.swift in Sources */ = {isa = PBXBuildFile; fileRef = BCFDECD32D3B45BD0023DC8A /* TopView.swift */; };
		BCFDED1A2D3B45BE0023DC8A /* TopViewFactory.swift in Sources */ = {isa = PBXBuildFile; fileRef = BCFDECD42D3B45BD0023DC8A /* TopViewFactory.swift */; };
		BCFDED1B2D3B45BE0023DC8A /* TopViewModel.swift in Sources */ = {isa = PBXBuildFile; fileRef = BCFDECD52D3B45BD0023DC8A /* TopViewModel.swift */; };
		BCFDED1C2D3B45BE0023DC8A /* TutorialConst.swift in Sources */ = {isa = PBXBuildFile; fileRef = BCFDECD72D3B45BD0023DC8A /* TutorialConst.swift */; };
		BCFDED1D2D3B45BE0023DC8A /* TutorialScrollViewItem.swift in Sources */ = {isa = PBXBuildFile; fileRef = BCFDECD82D3B45BD0023DC8A /* TutorialScrollViewItem.swift */; };
		BCFDED1E2D3B45BE0023DC8A /* TutorialView.swift in Sources */ = {isa = PBXBuildFile; fileRef = BCFDECD92D3B45BD0023DC8A /* TutorialView.swift */; };
		BCFDED1F2D3B45BE0023DC8A /* TutorialViewFactory.swift in Sources */ = {isa = PBXBuildFile; fileRef = BCFDECDA2D3B45BD0023DC8A /* TutorialViewFactory.swift */; };
		BCFDED202D3B45BE0023DC8A /* TutorialViewModel.swift in Sources */ = {isa = PBXBuildFile; fileRef = BCFDECDB2D3B45BD0023DC8A /* TutorialViewModel.swift */; };
		BCFDED212D3B45BE0023DC8A /* WeaponSelectCell.swift in Sources */ = {isa = PBXBuildFile; fileRef = BCFDECDD2D3B45BD0023DC8A /* WeaponSelectCell.swift */; };
		BCFDED222D3B45BE0023DC8A /* WeaponSelectCell.xib in Resources */ = {isa = PBXBuildFile; fileRef = BCFDECDE2D3B45BD0023DC8A /* WeaponSelectCell.xib */; };
		BCFDED232D3B45BE0023DC8A /* WeaponSelectView.swift in Sources */ = {isa = PBXBuildFile; fileRef = BCFDECDF2D3B45BD0023DC8A /* WeaponSelectView.swift */; };
		BCFDED242D3B45BE0023DC8A /* WeaponSelectViewController.swift in Sources */ = {isa = PBXBuildFile; fileRef = BCFDECE02D3B45BD0023DC8A /* WeaponSelectViewController.swift */; };
		BCFDED252D3B45BE0023DC8A /* WeaponSelectViewController.xib in Resources */ = {isa = PBXBuildFile; fileRef = BCFDECE12D3B45BD0023DC8A /* WeaponSelectViewController.xib */; };
		BCFDED262D3B45BE0023DC8A /* WeaponSelectViewFactory.swift in Sources */ = {isa = PBXBuildFile; fileRef = BCFDECE22D3B45BD0023DC8A /* WeaponSelectViewFactory.swift */; };
		BCFDED272D3B45BE0023DC8A /* WeaponSelectViewModel.swift in Sources */ = {isa = PBXBuildFile; fileRef = BCFDECE32D3B45BD0023DC8A /* WeaponSelectViewModel.swift */; };
		BCFDED282D3B45BE0023DC8A /* AR_GunManApp.swift in Sources */ = {isa = PBXBuildFile; fileRef = BCFDECE62D3B45BD0023DC8A /* AR_GunManApp.swift */; };
		BCFDED292D3B45BE0023DC8A /* Preview Assets.xcassets in Resources */ = {isa = PBXBuildFile; fileRef = BCFDECE72D3B45BD0023DC8A /* Preview Assets.xcassets */; };
		BCFDED2A2D3B45BE0023DC8A /* Assets.xcassets in Resources */ = {isa = PBXBuildFile; fileRef = BCFDECE92D3B45BD0023DC8A /* Assets.xcassets */; };
		BCFDED392D3B45BE0023DC8A /* ColorTypeConverter.swift in Sources */ = {isa = PBXBuildFile; fileRef = BCFDECFA2D3B45BD0023DC8A /* ColorTypeConverter.swift */; };
		C1B1295B52FACFE6075CE774 /* Pods_AR_GunManTests.framework in Frameworks */ = {isa = PBXBuildFile; fileRef = B833C027CCAFA467D01B22BB /* Pods_AR_GunManTests.framework */; };
/* End PBXBuildFile section */

/* Begin PBXContainerItemProxy section */
		59D2D4EC2552DE67006DDB70 /* PBXContainerItemProxy */ = {
			isa = PBXContainerItemProxy;
			containerPortal = 59D2D4CD2552DE66006DDB70 /* Project object */;
			proxyType = 1;
			remoteGlobalIDString = 59D2D4D42552DE66006DDB70;
			remoteInfo = "AR-GunMan";
		};
		59D2D4F72552DE67006DDB70 /* PBXContainerItemProxy */ = {
			isa = PBXContainerItemProxy;
			containerPortal = 59D2D4CD2552DE66006DDB70 /* Project object */;
			proxyType = 1;
			remoteGlobalIDString = 59D2D4D42552DE66006DDB70;
			remoteInfo = "AR-GunMan";
		};
/* End PBXContainerItemProxy section */

/* Begin PBXFileReference section */
		279BF58C8346A5E3B5866A1B /* Pods-AR-GunManTests.debug.xcconfig */ = {isa = PBXFileReference; includeInIndex = 1; lastKnownFileType = text.xcconfig; name = "Pods-AR-GunManTests.debug.xcconfig"; path = "Target Support Files/Pods-AR-GunManTests/Pods-AR-GunManTests.debug.xcconfig"; sourceTree = "<group>"; };
		59940B872552F54900EC20C1 /* GoogleService-Info.plist */ = {isa = PBXFileReference; fileEncoding = 4; lastKnownFileType = text.plist.xml; path = "GoogleService-Info.plist"; sourceTree = "<group>"; };
		59D2D4D52552DE66006DDB70 /* AR-GunMan Dev.app */ = {isa = PBXFileReference; explicitFileType = wrapper.application; includeInIndex = 0; path = "AR-GunMan Dev.app"; sourceTree = BUILT_PRODUCTS_DIR; };
		59D2D4E42552DE67006DDB70 /* Base */ = {isa = PBXFileReference; lastKnownFileType = file.storyboard; name = Base; path = Base.lproj/LaunchScreen.storyboard; sourceTree = "<group>"; };
		59D2D4E62552DE67006DDB70 /* Info.plist */ = {isa = PBXFileReference; lastKnownFileType = text.plist.xml; path = Info.plist; sourceTree = "<group>"; };
		59D2D4EB2552DE67006DDB70 /* AR-GunManTests.xctest */ = {isa = PBXFileReference; explicitFileType = wrapper.cfbundle; includeInIndex = 0; path = "AR-GunManTests.xctest"; sourceTree = BUILT_PRODUCTS_DIR; };
		59D2D4F12552DE67006DDB70 /* Info.plist */ = {isa = PBXFileReference; lastKnownFileType = text.plist.xml; path = Info.plist; sourceTree = "<group>"; };
		59D2D4F62552DE67006DDB70 /* AR-GunManUITests.xctest */ = {isa = PBXFileReference; explicitFileType = wrapper.cfbundle; includeInIndex = 0; path = "AR-GunManUITests.xctest"; sourceTree = BUILT_PRODUCTS_DIR; };
		59D2D4FC2552DE67006DDB70 /* Info.plist */ = {isa = PBXFileReference; lastKnownFileType = text.plist.xml; path = Info.plist; sourceTree = "<group>"; };
		78CFE59EF646A91CDD65B43D /* Pods-AR-GunMan.debug.xcconfig */ = {isa = PBXFileReference; includeInIndex = 1; lastKnownFileType = text.xcconfig; name = "Pods-AR-GunMan.debug.xcconfig"; path = "Target Support Files/Pods-AR-GunMan/Pods-AR-GunMan.debug.xcconfig"; sourceTree = "<group>"; };
		7CD697C6E134C845527E1E4C /* Pods-AR-GunMan-AR-GunManUITests.debug.xcconfig */ = {isa = PBXFileReference; includeInIndex = 1; lastKnownFileType = text.xcconfig; name = "Pods-AR-GunMan-AR-GunManUITests.debug.xcconfig"; path = "Target Support Files/Pods-AR-GunMan-AR-GunManUITests/Pods-AR-GunMan-AR-GunManUITests.debug.xcconfig"; sourceTree = "<group>"; };
		922E5AAB43CC9536D84EF020 /* Pods-AR-GunManTests.release.xcconfig */ = {isa = PBXFileReference; includeInIndex = 1; lastKnownFileType = text.xcconfig; name = "Pods-AR-GunManTests.release.xcconfig"; path = "Target Support Files/Pods-AR-GunManTests/Pods-AR-GunManTests.release.xcconfig"; sourceTree = "<group>"; };
		9A887CD7D51B34E100CB1D4A /* Pods_AR_GunMan_AR_GunManUITests.framework */ = {isa = PBXFileReference; explicitFileType = wrapper.framework; includeInIndex = 0; path = Pods_AR_GunMan_AR_GunManUITests.framework; sourceTree = BUILT_PRODUCTS_DIR; };
		A15C5C6C4F21F49BA2045EAE /* Pods_AR_GunMan.framework */ = {isa = PBXFileReference; explicitFileType = wrapper.framework; includeInIndex = 0; path = Pods_AR_GunMan.framework; sourceTree = BUILT_PRODUCTS_DIR; };
		B833C027CCAFA467D01B22BB /* Pods_AR_GunManTests.framework */ = {isa = PBXFileReference; explicitFileType = wrapper.framework; includeInIndex = 0; path = Pods_AR_GunManTests.framework; sourceTree = BUILT_PRODUCTS_DIR; };
		BC067F742D3B4CA400E58C56 /* ARShooting */ = {isa = PBXFileReference; lastKnownFileType = wrapper; path = ARShooting; sourceTree = "<group>"; };
		BC067F752D3B4CD700E58C56 /* WeaponControlMotion */ = {isa = PBXFileReference; lastKnownFileType = wrapper; path = WeaponControlMotion; sourceTree = "<group>"; };
		BC067F762D3B4CEA00E58C56 /* Data */ = {isa = PBXFileReference; lastKnownFileType = wrapper; path = Data; sourceTree = "<group>"; };
		BC067F772D3B4CF900E58C56 /* Domain */ = {isa = PBXFileReference; lastKnownFileType = wrapper; path = Domain; sourceTree = "<group>"; };
		BC0D54602D432FAE00D69795 /* bazooka_appear.mp3 */ = {isa = PBXFileReference; lastKnownFileType = audio.mp3; path = bazooka_appear.mp3; sourceTree = "<group>"; };
		BC0D54612D432FAE00D69795 /* bazooka_explosion.mp3 */ = {isa = PBXFileReference; lastKnownFileType = audio.mp3; path = bazooka_explosion.mp3; sourceTree = "<group>"; };
		BC0D54622D432FAE00D69795 /* bazooka_fire.mp3 */ = {isa = PBXFileReference; lastKnownFileType = audio.mp3; path = bazooka_fire.mp3; sourceTree = "<group>"; };
		BC0D54632D432FAE00D69795 /* bazooka_reload.mp3 */ = {isa = PBXFileReference; lastKnownFileType = audio.mp3; path = bazooka_reload.mp3; sourceTree = "<group>"; };
		BC0D54642D432FAE00D69795 /* end_whistle.mp3 */ = {isa = PBXFileReference; lastKnownFileType = audio.mp3; path = end_whistle.mp3; sourceTree = "<group>"; };
		BC0D54652D432FAE00D69795 /* pistol_appear.mp3 */ = {isa = PBXFileReference; lastKnownFileType = audio.mp3; path = pistol_appear.mp3; sourceTree = "<group>"; };
		BC0D54662D432FAE00D69795 /* pistol_fire.mp3 */ = {isa = PBXFileReference; lastKnownFileType = audio.mp3; path = pistol_fire.mp3; sourceTree = "<group>"; };
		BC0D54672D432FAE00D69795 /* pistol_out_of_bullets.mp3 */ = {isa = PBXFileReference; lastKnownFileType = audio.mp3; path = pistol_out_of_bullets.mp3; sourceTree = "<group>"; };
		BC0D54682D432FAE00D69795 /* pistol_reload.mp3 */ = {isa = PBXFileReference; lastKnownFileType = audio.mp3; path = pistol_reload.mp3; sourceTree = "<group>"; };
		BC0D54692D432FAE00D69795 /* ranking_appear.mp3 */ = {isa = PBXFileReference; lastKnownFileType = audio.mp3; path = ranking_appear.mp3; sourceTree = "<group>"; };
		BC0D546A2D432FAE00D69795 /* start_whistle.mp3 */ = {isa = PBXFileReference; lastKnownFileType = audio.mp3; path = start_whistle.mp3; sourceTree = "<group>"; };
		BC0D546B2D432FAE00D69795 /* target_appearance_change.mp3 */ = {isa = PBXFileReference; lastKnownFileType = audio.mp3; path = target_appearance_change.mp3; sourceTree = "<group>"; };
		BC0D546C2D432FAE00D69795 /* target_hit.mp3 */ = {isa = PBXFileReference; lastKnownFileType = audio.mp3; path = target_hit.mp3; sourceTree = "<group>"; };
		BC0D546D2D432FAE00D69795 /* western_pistol_fire.mp3 */ = {isa = PBXFileReference; lastKnownFileType = audio.mp3; path = western_pistol_fire.mp3; sourceTree = "<group>"; };
		BC2BF8852D49D96800E202F0 /* ErrorConst.swift */ = {isa = PBXFileReference; lastKnownFileType = sourcecode.swift; path = ErrorConst.swift; sourceTree = "<group>"; };
		BC2BF8872D49DB9600E202F0 /* Core */ = {isa = PBXFileReference; lastKnownFileType = wrapper; path = Core; sourceTree = "<group>"; };
		BC90ECDF2D47BD3400B34E4B /* AppDelegate.swift */ = {isa = PBXFileReference; lastKnownFileType = sourcecode.swift; path = AppDelegate.swift; sourceTree = "<group>"; };
		BCB93BA82C36DA9800DBFC46 /* GoogleService-Info.dev.plist */ = {isa = PBXFileReference; fileEncoding = 4; lastKnownFileType = text.plist.xml; path = "GoogleService-Info.dev.plist"; sourceTree = "<group>"; };
		BCFDECAE2D3B45BC0023DC8A /* RepositoryFactory.swift */ = {isa = PBXFileReference; fileEncoding = 4; lastKnownFileType = sourcecode.swift; path = RepositoryFactory.swift; sourceTree = "<group>"; };
		BCFDECAF2D3B45BC0023DC8A /* UseCaseFactory.swift */ = {isa = PBXFileReference; fileEncoding = 4; lastKnownFileType = sourcecode.swift; path = UseCaseFactory.swift; sourceTree = "<group>"; };
		BCFDECB12D3B45BC0023DC8A /* Color+Extension.swift */ = {isa = PBXFileReference; fileEncoding = 4; lastKnownFileType = sourcecode.swift; path = "Color+Extension.swift"; sourceTree = "<group>"; };
		BCFDECB22D3B45BC0023DC8A /* Double+Extension.swift */ = {isa = PBXFileReference; fileEncoding = 4; lastKnownFileType = sourcecode.swift; path = "Double+Extension.swift"; sourceTree = "<group>"; };
		BCFDECB32D3B45BC0023DC8A /* NSObject+Extension.swift */ = {isa = PBXFileReference; fileEncoding = 4; lastKnownFileType = sourcecode.swift; path = "NSObject+Extension.swift"; sourceTree = "<group>"; };
		BCFDECB52D3B45BD0023DC8A /* CenterPreviewView.swift */ = {isa = PBXFileReference; fileEncoding = 4; lastKnownFileType = sourcecode.swift; path = CenterPreviewView.swift; sourceTree = "<group>"; };
		BCFDECB62D3B45BD0023DC8A /* ContentFrameTrackableScrollView.swift */ = {isa = PBXFileReference; fileEncoding = 4; lastKnownFileType = sourcecode.swift; path = ContentFrameTrackableScrollView.swift; sourceTree = "<group>"; };
		BCFDECB72D3B45BD0023DC8A /* CustomModalPresenter.swift */ = {isa = PBXFileReference; fileEncoding = 4; lastKnownFileType = sourcecode.swift; path = CustomModalPresenter.swift; sourceTree = "<group>"; };
		BCFDECB82D3B45BD0023DC8A /* SafariViewControllerRepresentable.swift */ = {isa = PBXFileReference; fileEncoding = 4; lastKnownFileType = sourcecode.swift; path = SafariViewControllerRepresentable.swift; sourceTree = "<group>"; };
		BCFDECB92D3B45BD0023DC8A /* SoundPlayer.swift */ = {isa = PBXFileReference; fileEncoding = 4; lastKnownFileType = sourcecode.swift; path = SoundPlayer.swift; sourceTree = "<group>"; };
		BCFDECBA2D3B45BD0023DC8A /* StopMotionAnimationView.swift */ = {isa = PBXFileReference; fileEncoding = 4; lastKnownFileType = sourcecode.swift; path = StopMotionAnimationView.swift; sourceTree = "<group>"; };
		BCFDECBB2D3B45BD0023DC8A /* UIBlurEffectViewRepresentable.swift */ = {isa = PBXFileReference; fileEncoding = 4; lastKnownFileType = sourcecode.swift; path = UIBlurEffectViewRepresentable.swift; sourceTree = "<group>"; };
		BCFDECBD2D3B45BD0023DC8A /* GameView.swift */ = {isa = PBXFileReference; fileEncoding = 4; lastKnownFileType = sourcecode.swift; path = GameView.swift; sourceTree = "<group>"; };
		BCFDECBE2D3B45BD0023DC8A /* GameViewFactory.swift */ = {isa = PBXFileReference; fileEncoding = 4; lastKnownFileType = sourcecode.swift; path = GameViewFactory.swift; sourceTree = "<group>"; };
		BCFDECBF2D3B45BD0023DC8A /* GameViewModel.swift */ = {isa = PBXFileReference; fileEncoding = 4; lastKnownFileType = sourcecode.swift; path = GameViewModel.swift; sourceTree = "<group>"; };
		BCFDECC12D3B45BD0023DC8A /* NameRegisterView.swift */ = {isa = PBXFileReference; fileEncoding = 4; lastKnownFileType = sourcecode.swift; path = NameRegisterView.swift; sourceTree = "<group>"; };
		BCFDECC22D3B45BD0023DC8A /* NameRegisterViewFactory.swift */ = {isa = PBXFileReference; fileEncoding = 4; lastKnownFileType = sourcecode.swift; path = NameRegisterViewFactory.swift; sourceTree = "<group>"; };
		BCFDECC32D3B45BD0023DC8A /* NameRegisterViewModel.swift */ = {isa = PBXFileReference; fileEncoding = 4; lastKnownFileType = sourcecode.swift; path = NameRegisterViewModel.swift; sourceTree = "<group>"; };
		BCFDECC52D3B45BD0023DC8A /* RankingListItem.swift */ = {isa = PBXFileReference; fileEncoding = 4; lastKnownFileType = sourcecode.swift; path = RankingListItem.swift; sourceTree = "<group>"; };
		BCFDECC62D3B45BD0023DC8A /* RankingListView.swift */ = {isa = PBXFileReference; fileEncoding = 4; lastKnownFileType = sourcecode.swift; path = RankingListView.swift; sourceTree = "<group>"; };
		BCFDECC72D3B45BD0023DC8A /* RankingView.swift */ = {isa = PBXFileReference; fileEncoding = 4; lastKnownFileType = sourcecode.swift; path = RankingView.swift; sourceTree = "<group>"; };
		BCFDECC82D3B45BD0023DC8A /* RankingViewFactory.swift */ = {isa = PBXFileReference; fileEncoding = 4; lastKnownFileType = sourcecode.swift; path = RankingViewFactory.swift; sourceTree = "<group>"; };
		BCFDECC92D3B45BD0023DC8A /* RankingViewModel.swift */ = {isa = PBXFileReference; fileEncoding = 4; lastKnownFileType = sourcecode.swift; path = RankingViewModel.swift; sourceTree = "<group>"; };
		BCFDECCB2D3B45BD0023DC8A /* ResultView.swift */ = {isa = PBXFileReference; fileEncoding = 4; lastKnownFileType = sourcecode.swift; path = ResultView.swift; sourceTree = "<group>"; };
		BCFDECCC2D3B45BD0023DC8A /* ResultViewFactory.swift */ = {isa = PBXFileReference; fileEncoding = 4; lastKnownFileType = sourcecode.swift; path = ResultViewFactory.swift; sourceTree = "<group>"; };
		BCFDECCD2D3B45BD0023DC8A /* ResultViewModel.swift */ = {isa = PBXFileReference; fileEncoding = 4; lastKnownFileType = sourcecode.swift; path = ResultViewModel.swift; sourceTree = "<group>"; };
		BCFDECCF2D3B45BD0023DC8A /* SettingsView.swift */ = {isa = PBXFileReference; fileEncoding = 4; lastKnownFileType = sourcecode.swift; path = SettingsView.swift; sourceTree = "<group>"; };
		BCFDECD02D3B45BD0023DC8A /* SettingsViewFactory.swift */ = {isa = PBXFileReference; fileEncoding = 4; lastKnownFileType = sourcecode.swift; path = SettingsViewFactory.swift; sourceTree = "<group>"; };
		BCFDECD12D3B45BD0023DC8A /* SettingsViewModel.swift */ = {isa = PBXFileReference; fileEncoding = 4; lastKnownFileType = sourcecode.swift; path = SettingsViewModel.swift; sourceTree = "<group>"; };
		BCFDECD32D3B45BD0023DC8A /* TopView.swift */ = {isa = PBXFileReference; fileEncoding = 4; lastKnownFileType = sourcecode.swift; path = TopView.swift; sourceTree = "<group>"; };
		BCFDECD42D3B45BD0023DC8A /* TopViewFactory.swift */ = {isa = PBXFileReference; fileEncoding = 4; lastKnownFileType = sourcecode.swift; path = TopViewFactory.swift; sourceTree = "<group>"; };
		BCFDECD52D3B45BD0023DC8A /* TopViewModel.swift */ = {isa = PBXFileReference; fileEncoding = 4; lastKnownFileType = sourcecode.swift; path = TopViewModel.swift; sourceTree = "<group>"; };
		BCFDECD72D3B45BD0023DC8A /* TutorialConst.swift */ = {isa = PBXFileReference; fileEncoding = 4; lastKnownFileType = sourcecode.swift; path = TutorialConst.swift; sourceTree = "<group>"; };
		BCFDECD82D3B45BD0023DC8A /* TutorialScrollViewItem.swift */ = {isa = PBXFileReference; fileEncoding = 4; lastKnownFileType = sourcecode.swift; path = TutorialScrollViewItem.swift; sourceTree = "<group>"; };
		BCFDECD92D3B45BD0023DC8A /* TutorialView.swift */ = {isa = PBXFileReference; fileEncoding = 4; lastKnownFileType = sourcecode.swift; path = TutorialView.swift; sourceTree = "<group>"; };
		BCFDECDA2D3B45BD0023DC8A /* TutorialViewFactory.swift */ = {isa = PBXFileReference; fileEncoding = 4; lastKnownFileType = sourcecode.swift; path = TutorialViewFactory.swift; sourceTree = "<group>"; };
		BCFDECDB2D3B45BD0023DC8A /* TutorialViewModel.swift */ = {isa = PBXFileReference; fileEncoding = 4; lastKnownFileType = sourcecode.swift; path = TutorialViewModel.swift; sourceTree = "<group>"; };
		BCFDECDD2D3B45BD0023DC8A /* WeaponSelectCell.swift */ = {isa = PBXFileReference; fileEncoding = 4; lastKnownFileType = sourcecode.swift; path = WeaponSelectCell.swift; sourceTree = "<group>"; };
		BCFDECDE2D3B45BD0023DC8A /* WeaponSelectCell.xib */ = {isa = PBXFileReference; fileEncoding = 4; lastKnownFileType = file.xib; path = WeaponSelectCell.xib; sourceTree = "<group>"; };
		BCFDECDF2D3B45BD0023DC8A /* WeaponSelectView.swift */ = {isa = PBXFileReference; fileEncoding = 4; lastKnownFileType = sourcecode.swift; path = WeaponSelectView.swift; sourceTree = "<group>"; };
		BCFDECE02D3B45BD0023DC8A /* WeaponSelectViewController.swift */ = {isa = PBXFileReference; fileEncoding = 4; lastKnownFileType = sourcecode.swift; path = WeaponSelectViewController.swift; sourceTree = "<group>"; };
		BCFDECE12D3B45BD0023DC8A /* WeaponSelectViewController.xib */ = {isa = PBXFileReference; fileEncoding = 4; lastKnownFileType = file.xib; path = WeaponSelectViewController.xib; sourceTree = "<group>"; };
		BCFDECE22D3B45BD0023DC8A /* WeaponSelectViewFactory.swift */ = {isa = PBXFileReference; fileEncoding = 4; lastKnownFileType = sourcecode.swift; path = WeaponSelectViewFactory.swift; sourceTree = "<group>"; };
		BCFDECE32D3B45BD0023DC8A /* WeaponSelectViewModel.swift */ = {isa = PBXFileReference; fileEncoding = 4; lastKnownFileType = sourcecode.swift; path = WeaponSelectViewModel.swift; sourceTree = "<group>"; };
		BCFDECE62D3B45BD0023DC8A /* AR_GunManApp.swift */ = {isa = PBXFileReference; fileEncoding = 4; lastKnownFileType = sourcecode.swift; path = AR_GunManApp.swift; sourceTree = "<group>"; };
		BCFDECE72D3B45BD0023DC8A /* Preview Assets.xcassets */ = {isa = PBXFileReference; lastKnownFileType = folder.assetcatalog; path = "Preview Assets.xcassets"; sourceTree = "<group>"; };
		BCFDECE92D3B45BD0023DC8A /* Assets.xcassets */ = {isa = PBXFileReference; lastKnownFileType = folder.assetcatalog; path = Assets.xcassets; sourceTree = "<group>"; };
		BCFDECFA2D3B45BD0023DC8A /* ColorTypeConverter.swift */ = {isa = PBXFileReference; fileEncoding = 4; lastKnownFileType = sourcecode.swift; path = ColorTypeConverter.swift; sourceTree = "<group>"; };
		F04E46645750BF2C9B420DED /* Pods-AR-GunMan.release.xcconfig */ = {isa = PBXFileReference; includeInIndex = 1; lastKnownFileType = text.xcconfig; name = "Pods-AR-GunMan.release.xcconfig"; path = "Target Support Files/Pods-AR-GunMan/Pods-AR-GunMan.release.xcconfig"; sourceTree = "<group>"; };
		F878AB940BB378E586D8EE82 /* Pods-AR-GunMan-AR-GunManUITests.release.xcconfig */ = {isa = PBXFileReference; includeInIndex = 1; lastKnownFileType = text.xcconfig; name = "Pods-AR-GunMan-AR-GunManUITests.release.xcconfig"; path = "Target Support Files/Pods-AR-GunMan-AR-GunManUITests/Pods-AR-GunMan-AR-GunManUITests.release.xcconfig"; sourceTree = "<group>"; };
/* End PBXFileReference section */

/* Begin PBXFrameworksBuildPhase section */
		59D2D4D22552DE66006DDB70 /* Frameworks */ = {
			isa = PBXFrameworksBuildPhase;
			buildActionMask = 2147483647;
			files = (
				BC5F55FE2D3B533500EA397A /* ARShooting in Frameworks */,
				BC5F56022D3B533500EA397A /* Domain in Frameworks */,
				BC5F56042D3B533500EA397A /* WeaponControlMotion in Frameworks */,
				BC5F56002D3B533500EA397A /* Data in Frameworks */,
				226019EB1C6C0B4EEDECE581 /* Pods_AR_GunMan.framework in Frameworks */,
				BC330B2B2D499261007C4501 /* FirebaseFirestore in Frameworks */,
			);
			runOnlyForDeploymentPostprocessing = 0;
		};
		59D2D4E82552DE67006DDB70 /* Frameworks */ = {
			isa = PBXFrameworksBuildPhase;
			buildActionMask = 2147483647;
			files = (
				C1B1295B52FACFE6075CE774 /* Pods_AR_GunManTests.framework in Frameworks */,
			);
			runOnlyForDeploymentPostprocessing = 0;
		};
		59D2D4F32552DE67006DDB70 /* Frameworks */ = {
			isa = PBXFrameworksBuildPhase;
			buildActionMask = 2147483647;
			files = (
				7D666F75BEA91600FC5E086A /* Pods_AR_GunMan_AR_GunManUITests.framework in Frameworks */,
			);
			runOnlyForDeploymentPostprocessing = 0;
		};
/* End PBXFrameworksBuildPhase section */

/* Begin PBXGroup section */
		26FDCD73922E89484B8E520A /* Pods */ = {
			isa = PBXGroup;
			children = (
				78CFE59EF646A91CDD65B43D /* Pods-AR-GunMan.debug.xcconfig */,
				F04E46645750BF2C9B420DED /* Pods-AR-GunMan.release.xcconfig */,
				7CD697C6E134C845527E1E4C /* Pods-AR-GunMan-AR-GunManUITests.debug.xcconfig */,
				F878AB940BB378E586D8EE82 /* Pods-AR-GunMan-AR-GunManUITests.release.xcconfig */,
				279BF58C8346A5E3B5866A1B /* Pods-AR-GunManTests.debug.xcconfig */,
				922E5AAB43CC9536D84EF020 /* Pods-AR-GunManTests.release.xcconfig */,
			);
			path = Pods;
			sourceTree = "<group>";
		};
		59D2D4CC2552DE66006DDB70 = {
			isa = PBXGroup;
			children = (
				BC2BF8872D49DB9600E202F0 /* Core */,
				BC067F742D3B4CA400E58C56 /* ARShooting */,
				BC067F762D3B4CEA00E58C56 /* Data */,
				BC067F772D3B4CF900E58C56 /* Domain */,
				BC067F752D3B4CD700E58C56 /* WeaponControlMotion */,
				59D2D4D72552DE66006DDB70 /* AR-GunMan */,
				59D2D4EE2552DE67006DDB70 /* AR-GunManTests */,
				59D2D4F92552DE67006DDB70 /* AR-GunManUITests */,
				59D2D4D62552DE66006DDB70 /* Products */,
				26FDCD73922E89484B8E520A /* Pods */,
				7641F56AFF58CF48B5C4908E /* Frameworks */,
			);
			sourceTree = "<group>";
		};
		59D2D4D62552DE66006DDB70 /* Products */ = {
			isa = PBXGroup;
			children = (
				59D2D4D52552DE66006DDB70 /* AR-GunMan Dev.app */,
				59D2D4EB2552DE67006DDB70 /* AR-GunManTests.xctest */,
				59D2D4F62552DE67006DDB70 /* AR-GunManUITests.xctest */,
			);
			name = Products;
			sourceTree = "<group>";
		};
		59D2D4D72552DE66006DDB70 /* AR-GunMan */ = {
			isa = PBXGroup;
			children = (
				BC2BF8842D49D95C00E202F0 /* Constants */,
				BCFDED3A2D3B46950023DC8A /* App */,
				BCFDECE92D3B45BD0023DC8A /* Assets.xcassets */,
				BCFDECB42D3B45BC0023DC8A /* Extensions */,
				BCFDECB02D3B45BC0023DC8A /* Factories */,
				BCFDECE52D3B45BD0023DC8A /* Presentation */,
				BCFDECE82D3B45BD0023DC8A /* Preview Content */,
				BC0D545E2D432F8600D69795 /* Resources */,
				BCFDECFB2D3B45BD0023DC8A /* Utilities */,
				BCB93BAA2C36DE7D00DBFC46 /* FirebaseInfoPlist */,
				59D2D4E32552DE67006DDB70 /* LaunchScreen.storyboard */,
				59D2D4E62552DE67006DDB70 /* Info.plist */,
			);
			path = "AR-GunMan";
			sourceTree = "<group>";
		};
		59D2D4EE2552DE67006DDB70 /* AR-GunManTests */ = {
			isa = PBXGroup;
			children = (
				59D2D4F12552DE67006DDB70 /* Info.plist */,
			);
			path = "AR-GunManTests";
			sourceTree = "<group>";
		};
		59D2D4F92552DE67006DDB70 /* AR-GunManUITests */ = {
			isa = PBXGroup;
			children = (
				59D2D4FC2552DE67006DDB70 /* Info.plist */,
			);
			path = "AR-GunManUITests";
			sourceTree = "<group>";
		};
		7641F56AFF58CF48B5C4908E /* Frameworks */ = {
			isa = PBXGroup;
			children = (
				A15C5C6C4F21F49BA2045EAE /* Pods_AR_GunMan.framework */,
				9A887CD7D51B34E100CB1D4A /* Pods_AR_GunMan_AR_GunManUITests.framework */,
				B833C027CCAFA467D01B22BB /* Pods_AR_GunManTests.framework */,
			);
			name = Frameworks;
			sourceTree = "<group>";
		};
		BC0D545E2D432F8600D69795 /* Resources */ = {
			isa = PBXGroup;
			children = (
				BC0D545F2D432F9300D69795 /* sounds */,
			);
			path = Resources;
			sourceTree = "<group>";
		};
		BC0D545F2D432F9300D69795 /* sounds */ = {
			isa = PBXGroup;
			children = (
				BC0D54602D432FAE00D69795 /* bazooka_appear.mp3 */,
				BC0D54612D432FAE00D69795 /* bazooka_explosion.mp3 */,
				BC0D54622D432FAE00D69795 /* bazooka_fire.mp3 */,
				BC0D54632D432FAE00D69795 /* bazooka_reload.mp3 */,
				BC0D54642D432FAE00D69795 /* end_whistle.mp3 */,
				BC0D54652D432FAE00D69795 /* pistol_appear.mp3 */,
				BC0D54662D432FAE00D69795 /* pistol_fire.mp3 */,
				BC0D54672D432FAE00D69795 /* pistol_out_of_bullets.mp3 */,
				BC0D54682D432FAE00D69795 /* pistol_reload.mp3 */,
				BC0D54692D432FAE00D69795 /* ranking_appear.mp3 */,
				BC0D546A2D432FAE00D69795 /* start_whistle.mp3 */,
				BC0D546B2D432FAE00D69795 /* target_appearance_change.mp3 */,
				BC0D546C2D432FAE00D69795 /* target_hit.mp3 */,
				BC0D546D2D432FAE00D69795 /* western_pistol_fire.mp3 */,
			);
			path = sounds;
			sourceTree = "<group>";
		};
		BC2BF8842D49D95C00E202F0 /* Constants */ = {
			isa = PBXGroup;
			children = (
				BC2BF8852D49D96800E202F0 /* ErrorConst.swift */,
			);
			path = Constants;
			sourceTree = "<group>";
		};
		BCB93BAA2C36DE7D00DBFC46 /* FirebaseInfoPlist */ = {
			isa = PBXGroup;
			children = (
				59940B872552F54900EC20C1 /* GoogleService-Info.plist */,
				BCB93BA82C36DA9800DBFC46 /* GoogleService-Info.dev.plist */,
			);
			path = FirebaseInfoPlist;
			sourceTree = "<group>";
		};
		BCFDECB02D3B45BC0023DC8A /* Factories */ = {
			isa = PBXGroup;
			children = (
				BCFDECAE2D3B45BC0023DC8A /* RepositoryFactory.swift */,
				BCFDECAF2D3B45BC0023DC8A /* UseCaseFactory.swift */,
			);
			path = Factories;
			sourceTree = "<group>";
		};
		BCFDECB42D3B45BC0023DC8A /* Extensions */ = {
			isa = PBXGroup;
			children = (
				BCFDECB12D3B45BC0023DC8A /* Color+Extension.swift */,
				BCFDECB22D3B45BC0023DC8A /* Double+Extension.swift */,
				BCFDECB32D3B45BC0023DC8A /* NSObject+Extension.swift */,
			);
			path = Extensions;
			sourceTree = "<group>";
		};
		BCFDECBC2D3B45BD0023DC8A /* Common */ = {
			isa = PBXGroup;
			children = (
				BCFDECB52D3B45BD0023DC8A /* CenterPreviewView.swift */,
				BCFDECB62D3B45BD0023DC8A /* ContentFrameTrackableScrollView.swift */,
				BCFDECB72D3B45BD0023DC8A /* CustomModalPresenter.swift */,
				BCFDECB82D3B45BD0023DC8A /* SafariViewControllerRepresentable.swift */,
				BCFDECB92D3B45BD0023DC8A /* SoundPlayer.swift */,
				BCFDECBA2D3B45BD0023DC8A /* StopMotionAnimationView.swift */,
				BCFDECBB2D3B45BD0023DC8A /* UIBlurEffectViewRepresentable.swift */,
			);
			path = Common;
			sourceTree = "<group>";
		};
		BCFDECC02D3B45BD0023DC8A /* Game */ = {
			isa = PBXGroup;
			children = (
				BCFDECBD2D3B45BD0023DC8A /* GameView.swift */,
				BCFDECBE2D3B45BD0023DC8A /* GameViewFactory.swift */,
				BCFDECBF2D3B45BD0023DC8A /* GameViewModel.swift */,
			);
			path = Game;
			sourceTree = "<group>";
		};
		BCFDECC42D3B45BD0023DC8A /* NameRegister */ = {
			isa = PBXGroup;
			children = (
				BCFDECC12D3B45BD0023DC8A /* NameRegisterView.swift */,
				BCFDECC22D3B45BD0023DC8A /* NameRegisterViewFactory.swift */,
				BCFDECC32D3B45BD0023DC8A /* NameRegisterViewModel.swift */,
			);
			path = NameRegister;
			sourceTree = "<group>";
		};
		BCFDECCA2D3B45BD0023DC8A /* Ranking */ = {
			isa = PBXGroup;
			children = (
				BCFDECC52D3B45BD0023DC8A /* RankingListItem.swift */,
				BCFDECC62D3B45BD0023DC8A /* RankingListView.swift */,
				BCFDECC72D3B45BD0023DC8A /* RankingView.swift */,
				BCFDECC82D3B45BD0023DC8A /* RankingViewFactory.swift */,
				BCFDECC92D3B45BD0023DC8A /* RankingViewModel.swift */,
			);
			path = Ranking;
			sourceTree = "<group>";
		};
		BCFDECCE2D3B45BD0023DC8A /* Result */ = {
			isa = PBXGroup;
			children = (
				BCFDECCB2D3B45BD0023DC8A /* ResultView.swift */,
				BCFDECCC2D3B45BD0023DC8A /* ResultViewFactory.swift */,
				BCFDECCD2D3B45BD0023DC8A /* ResultViewModel.swift */,
			);
			path = Result;
			sourceTree = "<group>";
		};
		BCFDECD22D3B45BD0023DC8A /* Settings */ = {
			isa = PBXGroup;
			children = (
				BCFDECCF2D3B45BD0023DC8A /* SettingsView.swift */,
				BCFDECD02D3B45BD0023DC8A /* SettingsViewFactory.swift */,
				BCFDECD12D3B45BD0023DC8A /* SettingsViewModel.swift */,
			);
			path = Settings;
			sourceTree = "<group>";
		};
		BCFDECD62D3B45BD0023DC8A /* Top */ = {
			isa = PBXGroup;
			children = (
				BCFDECD32D3B45BD0023DC8A /* TopView.swift */,
				BCFDECD42D3B45BD0023DC8A /* TopViewFactory.swift */,
				BCFDECD52D3B45BD0023DC8A /* TopViewModel.swift */,
			);
			path = Top;
			sourceTree = "<group>";
		};
		BCFDECDC2D3B45BD0023DC8A /* Tutorial */ = {
			isa = PBXGroup;
			children = (
				BCFDECD72D3B45BD0023DC8A /* TutorialConst.swift */,
				BCFDECD82D3B45BD0023DC8A /* TutorialScrollViewItem.swift */,
				BCFDECD92D3B45BD0023DC8A /* TutorialView.swift */,
				BCFDECDA2D3B45BD0023DC8A /* TutorialViewFactory.swift */,
				BCFDECDB2D3B45BD0023DC8A /* TutorialViewModel.swift */,
			);
			path = Tutorial;
			sourceTree = "<group>";
		};
		BCFDECE42D3B45BD0023DC8A /* WeaponSelect */ = {
			isa = PBXGroup;
			children = (
				BCFDECDD2D3B45BD0023DC8A /* WeaponSelectCell.swift */,
				BCFDECDE2D3B45BD0023DC8A /* WeaponSelectCell.xib */,
				BCFDECDF2D3B45BD0023DC8A /* WeaponSelectView.swift */,
				BCFDECE02D3B45BD0023DC8A /* WeaponSelectViewController.swift */,
				BCFDECE12D3B45BD0023DC8A /* WeaponSelectViewController.xib */,
				BCFDECE22D3B45BD0023DC8A /* WeaponSelectViewFactory.swift */,
				BCFDECE32D3B45BD0023DC8A /* WeaponSelectViewModel.swift */,
			);
			path = WeaponSelect;
			sourceTree = "<group>";
		};
		BCFDECE52D3B45BD0023DC8A /* Presentation */ = {
			isa = PBXGroup;
			children = (
				BCFDECBC2D3B45BD0023DC8A /* Common */,
				BCFDECC02D3B45BD0023DC8A /* Game */,
				BCFDECC42D3B45BD0023DC8A /* NameRegister */,
				BCFDECCA2D3B45BD0023DC8A /* Ranking */,
				BCFDECCE2D3B45BD0023DC8A /* Result */,
				BCFDECD22D3B45BD0023DC8A /* Settings */,
				BCFDECD62D3B45BD0023DC8A /* Top */,
				BCFDECDC2D3B45BD0023DC8A /* Tutorial */,
				BCFDECE42D3B45BD0023DC8A /* WeaponSelect */,
			);
			path = Presentation;
			sourceTree = "<group>";
		};
		BCFDECE82D3B45BD0023DC8A /* Preview Content */ = {
			isa = PBXGroup;
			children = (
				BCFDECE72D3B45BD0023DC8A /* Preview Assets.xcassets */,
			);
			path = "Preview Content";
			sourceTree = "<group>";
		};
		BCFDECFB2D3B45BD0023DC8A /* Utilities */ = {
			isa = PBXGroup;
			children = (
				BCFDECFA2D3B45BD0023DC8A /* ColorTypeConverter.swift */,
			);
			path = Utilities;
			sourceTree = "<group>";
		};
		BCFDED3A2D3B46950023DC8A /* App */ = {
			isa = PBXGroup;
			children = (
				BCFDECE62D3B45BD0023DC8A /* AR_GunManApp.swift */,
				BC90ECDF2D47BD3400B34E4B /* AppDelegate.swift */,
			);
			path = App;
			sourceTree = "<group>";
		};
/* End PBXGroup section */

/* Begin PBXNativeTarget section */
		59D2D4D42552DE66006DDB70 /* AR-GunMan */ = {
			isa = PBXNativeTarget;
			buildConfigurationList = 59D2D4FF2552DE67006DDB70 /* Build configuration list for PBXNativeTarget "AR-GunMan" */;
			buildPhases = (
				FE82A74A1B68A40AD63BB8DC /* [CP] Check Pods Manifest.lock */,
				59D2D4D12552DE66006DDB70 /* Sources */,
				59D2D4D22552DE66006DDB70 /* Frameworks */,
				59D2D4D32552DE66006DDB70 /* Resources */,
				69ACEB82CA9EE4C6BC1BC499 /* [CP] Embed Pods Frameworks */,
			);
			buildRules = (
			);
			dependencies = (
			);
			name = "AR-GunMan";
			packageProductDependencies = (
				BC5F55FD2D3B533500EA397A /* ARShooting */,
				BC5F55FF2D3B533500EA397A /* Data */,
				BC5F56012D3B533500EA397A /* Domain */,
				BC5F56032D3B533500EA397A /* WeaponControlMotion */,
				BC330B2A2D499261007C4501 /* FirebaseFirestore */,
			);
			productName = "AR-GunMan";
			productReference = 59D2D4D52552DE66006DDB70 /* AR-GunMan Dev.app */;
			productType = "com.apple.product-type.application";
		};
		59D2D4EA2552DE67006DDB70 /* AR-GunManTests */ = {
			isa = PBXNativeTarget;
			buildConfigurationList = 59D2D5022552DE67006DDB70 /* Build configuration list for PBXNativeTarget "AR-GunManTests" */;
			buildPhases = (
				F545602EB81804F0746EE516 /* [CP] Check Pods Manifest.lock */,
				59D2D4E72552DE67006DDB70 /* Sources */,
				59D2D4E82552DE67006DDB70 /* Frameworks */,
				59D2D4E92552DE67006DDB70 /* Resources */,
			);
			buildRules = (
			);
			dependencies = (
				59D2D4ED2552DE67006DDB70 /* PBXTargetDependency */,
			);
			name = "AR-GunManTests";
			productName = "AR-GunManTests";
			productReference = 59D2D4EB2552DE67006DDB70 /* AR-GunManTests.xctest */;
			productType = "com.apple.product-type.bundle.unit-test";
		};
		59D2D4F52552DE67006DDB70 /* AR-GunManUITests */ = {
			isa = PBXNativeTarget;
			buildConfigurationList = 59D2D5052552DE67006DDB70 /* Build configuration list for PBXNativeTarget "AR-GunManUITests" */;
			buildPhases = (
				EE87AD87DB42EEED15AF5527 /* [CP] Check Pods Manifest.lock */,
				59D2D4F22552DE67006DDB70 /* Sources */,
				59D2D4F32552DE67006DDB70 /* Frameworks */,
				59D2D4F42552DE67006DDB70 /* Resources */,
				DA13FBB49CF5A2678947EDFC /* [CP] Embed Pods Frameworks */,
			);
			buildRules = (
			);
			dependencies = (
				59D2D4F82552DE67006DDB70 /* PBXTargetDependency */,
			);
			name = "AR-GunManUITests";
			productName = "AR-GunManUITests";
			productReference = 59D2D4F62552DE67006DDB70 /* AR-GunManUITests.xctest */;
			productType = "com.apple.product-type.bundle.ui-testing";
		};
/* End PBXNativeTarget section */

/* Begin PBXProject section */
		59D2D4CD2552DE66006DDB70 /* Project object */ = {
			isa = PBXProject;
			attributes = {
				LastSwiftUpdateCheck = 1210;
				LastUpgradeCheck = 1210;
				TargetAttributes = {
					59D2D4D42552DE66006DDB70 = {
						CreatedOnToolsVersion = 12.1;
					};
					59D2D4EA2552DE67006DDB70 = {
						CreatedOnToolsVersion = 12.1;
						TestTargetID = 59D2D4D42552DE66006DDB70;
					};
					59D2D4F52552DE67006DDB70 = {
						CreatedOnToolsVersion = 12.1;
						TestTargetID = 59D2D4D42552DE66006DDB70;
					};
				};
			};
			buildConfigurationList = 59D2D4D02552DE66006DDB70 /* Build configuration list for PBXProject "AR-GunMan" */;
			compatibilityVersion = "Xcode 9.3";
			developmentRegion = en;
			hasScannedForEncodings = 0;
			knownRegions = (
				en,
				Base,
			);
			mainGroup = 59D2D4CC2552DE66006DDB70;
			packageReferences = (
				BC330B292D499261007C4501 /* XCRemoteSwiftPackageReference "firebase-ios-sdk" */,
			);
			productRefGroup = 59D2D4D62552DE66006DDB70 /* Products */;
			projectDirPath = "";
			projectRoot = "";
			targets = (
				59D2D4D42552DE66006DDB70 /* AR-GunMan */,
				59D2D4EA2552DE67006DDB70 /* AR-GunManTests */,
				59D2D4F52552DE67006DDB70 /* AR-GunManUITests */,
			);
		};
/* End PBXProject section */

/* Begin PBXResourcesBuildPhase section */
		59D2D4D32552DE66006DDB70 /* Resources */ = {
			isa = PBXResourcesBuildPhase;
			buildActionMask = 2147483647;
			files = (
				59D2D4E52552DE67006DDB70 /* LaunchScreen.storyboard in Resources */,
				BCFDED252D3B45BE0023DC8A /* WeaponSelectViewController.xib in Resources */,
				BCB93BA92C36DA9800DBFC46 /* GoogleService-Info.dev.plist in Resources */,
				59940B882552F54900EC20C1 /* GoogleService-Info.plist in Resources */,
				BCFDED2A2D3B45BE0023DC8A /* Assets.xcassets in Resources */,
				BCFDED292D3B45BE0023DC8A /* Preview Assets.xcassets in Resources */,
				BCFDED222D3B45BE0023DC8A /* WeaponSelectCell.xib in Resources */,
				BC0D546E2D432FAE00D69795 /* pistol_appear.mp3 in Resources */,
				BC0D546F2D432FAE00D69795 /* pistol_fire.mp3 in Resources */,
				BC0D54702D432FAE00D69795 /* bazooka_fire.mp3 in Resources */,
				BC0D54712D432FAE00D69795 /* ranking_appear.mp3 in Resources */,
				BC0D54722D432FAE00D69795 /* pistol_reload.mp3 in Resources */,
				BC0D54732D432FAE00D69795 /* bazooka_explosion.mp3 in Resources */,
				BC0D54742D432FAE00D69795 /* start_whistle.mp3 in Resources */,
				BC0D54752D432FAE00D69795 /* pistol_out_of_bullets.mp3 in Resources */,
				BC0D54762D432FAE00D69795 /* end_whistle.mp3 in Resources */,
				BC0D54772D432FAE00D69795 /* western_pistol_fire.mp3 in Resources */,
				BC0D54782D432FAE00D69795 /* target_hit.mp3 in Resources */,
				BC0D54792D432FAE00D69795 /* target_appearance_change.mp3 in Resources */,
				BC0D547A2D432FAE00D69795 /* bazooka_appear.mp3 in Resources */,
				BC0D547B2D432FAE00D69795 /* bazooka_reload.mp3 in Resources */,
			);
			runOnlyForDeploymentPostprocessing = 0;
		};
		59D2D4E92552DE67006DDB70 /* Resources */ = {
			isa = PBXResourcesBuildPhase;
			buildActionMask = 2147483647;
			files = (
				860646C12BF59A3F00906DA0 /* LaunchScreen.storyboard in Resources */,
			);
			runOnlyForDeploymentPostprocessing = 0;
		};
		59D2D4F42552DE67006DDB70 /* Resources */ = {
			isa = PBXResourcesBuildPhase;
			buildActionMask = 2147483647;
			files = (
				860646C22BF59A4000906DA0 /* LaunchScreen.storyboard in Resources */,
			);
			runOnlyForDeploymentPostprocessing = 0;
		};
/* End PBXResourcesBuildPhase section */

/* Begin PBXShellScriptBuildPhase section */
		69ACEB82CA9EE4C6BC1BC499 /* [CP] Embed Pods Frameworks */ = {
			isa = PBXShellScriptBuildPhase;
			buildActionMask = 2147483647;
			files = (
			);
			inputFileListPaths = (
				"${PODS_ROOT}/Target Support Files/Pods-AR-GunMan/Pods-AR-GunMan-frameworks-${CONFIGURATION}-input-files.xcfilelist",
			);
			name = "[CP] Embed Pods Frameworks";
			outputFileListPaths = (
				"${PODS_ROOT}/Target Support Files/Pods-AR-GunMan/Pods-AR-GunMan-frameworks-${CONFIGURATION}-output-files.xcfilelist",
			);
			runOnlyForDeploymentPostprocessing = 0;
			shellPath = /bin/sh;
			shellScript = "\"${PODS_ROOT}/Target Support Files/Pods-AR-GunMan/Pods-AR-GunMan-frameworks.sh\"\n";
			showEnvVarsInLog = 0;
		};
		DA13FBB49CF5A2678947EDFC /* [CP] Embed Pods Frameworks */ = {
			isa = PBXShellScriptBuildPhase;
			buildActionMask = 2147483647;
			files = (
			);
			inputFileListPaths = (
				"${PODS_ROOT}/Target Support Files/Pods-AR-GunMan-AR-GunManUITests/Pods-AR-GunMan-AR-GunManUITests-frameworks-${CONFIGURATION}-input-files.xcfilelist",
			);
			name = "[CP] Embed Pods Frameworks";
			outputFileListPaths = (
				"${PODS_ROOT}/Target Support Files/Pods-AR-GunMan-AR-GunManUITests/Pods-AR-GunMan-AR-GunManUITests-frameworks-${CONFIGURATION}-output-files.xcfilelist",
			);
			runOnlyForDeploymentPostprocessing = 0;
			shellPath = /bin/sh;
			shellScript = "\"${PODS_ROOT}/Target Support Files/Pods-AR-GunMan-AR-GunManUITests/Pods-AR-GunMan-AR-GunManUITests-frameworks.sh\"\n";
			showEnvVarsInLog = 0;
		};
		EE87AD87DB42EEED15AF5527 /* [CP] Check Pods Manifest.lock */ = {
			isa = PBXShellScriptBuildPhase;
			buildActionMask = 2147483647;
			files = (
			);
			inputFileListPaths = (
			);
			inputPaths = (
				"${PODS_PODFILE_DIR_PATH}/Podfile.lock",
				"${PODS_ROOT}/Manifest.lock",
			);
			name = "[CP] Check Pods Manifest.lock";
			outputFileListPaths = (
			);
			outputPaths = (
				"$(DERIVED_FILE_DIR)/Pods-AR-GunMan-AR-GunManUITests-checkManifestLockResult.txt",
			);
			runOnlyForDeploymentPostprocessing = 0;
			shellPath = /bin/sh;
			shellScript = "diff \"${PODS_PODFILE_DIR_PATH}/Podfile.lock\" \"${PODS_ROOT}/Manifest.lock\" > /dev/null\nif [ $? != 0 ] ; then\n    # print error to STDERR\n    echo \"error: The sandbox is not in sync with the Podfile.lock. Run 'pod install' or update your CocoaPods installation.\" >&2\n    exit 1\nfi\n# This output is used by Xcode 'outputs' to avoid re-running this script phase.\necho \"SUCCESS\" > \"${SCRIPT_OUTPUT_FILE_0}\"\n";
			showEnvVarsInLog = 0;
		};
		F545602EB81804F0746EE516 /* [CP] Check Pods Manifest.lock */ = {
			isa = PBXShellScriptBuildPhase;
			buildActionMask = 2147483647;
			files = (
			);
			inputFileListPaths = (
			);
			inputPaths = (
				"${PODS_PODFILE_DIR_PATH}/Podfile.lock",
				"${PODS_ROOT}/Manifest.lock",
			);
			name = "[CP] Check Pods Manifest.lock";
			outputFileListPaths = (
			);
			outputPaths = (
				"$(DERIVED_FILE_DIR)/Pods-AR-GunManTests-checkManifestLockResult.txt",
			);
			runOnlyForDeploymentPostprocessing = 0;
			shellPath = /bin/sh;
			shellScript = "diff \"${PODS_PODFILE_DIR_PATH}/Podfile.lock\" \"${PODS_ROOT}/Manifest.lock\" > /dev/null\nif [ $? != 0 ] ; then\n    # print error to STDERR\n    echo \"error: The sandbox is not in sync with the Podfile.lock. Run 'pod install' or update your CocoaPods installation.\" >&2\n    exit 1\nfi\n# This output is used by Xcode 'outputs' to avoid re-running this script phase.\necho \"SUCCESS\" > \"${SCRIPT_OUTPUT_FILE_0}\"\n";
			showEnvVarsInLog = 0;
		};
		FE82A74A1B68A40AD63BB8DC /* [CP] Check Pods Manifest.lock */ = {
			isa = PBXShellScriptBuildPhase;
			buildActionMask = 2147483647;
			files = (
			);
			inputFileListPaths = (
			);
			inputPaths = (
				"${PODS_PODFILE_DIR_PATH}/Podfile.lock",
				"${PODS_ROOT}/Manifest.lock",
			);
			name = "[CP] Check Pods Manifest.lock";
			outputFileListPaths = (
			);
			outputPaths = (
				"$(DERIVED_FILE_DIR)/Pods-AR-GunMan-checkManifestLockResult.txt",
			);
			runOnlyForDeploymentPostprocessing = 0;
			shellPath = /bin/sh;
			shellScript = "diff \"${PODS_PODFILE_DIR_PATH}/Podfile.lock\" \"${PODS_ROOT}/Manifest.lock\" > /dev/null\nif [ $? != 0 ] ; then\n    # print error to STDERR\n    echo \"error: The sandbox is not in sync with the Podfile.lock. Run 'pod install' or update your CocoaPods installation.\" >&2\n    exit 1\nfi\n# This output is used by Xcode 'outputs' to avoid re-running this script phase.\necho \"SUCCESS\" > \"${SCRIPT_OUTPUT_FILE_0}\"\n";
			showEnvVarsInLog = 0;
		};
/* End PBXShellScriptBuildPhase section */

/* Begin PBXSourcesBuildPhase section */
		59D2D4D12552DE66006DDB70 /* Sources */ = {
			isa = PBXSourcesBuildPhase;
			buildActionMask = 2147483647;
			files = (
				BCFDED092D3B45BD0023DC8A /* GameViewFactory.swift in Sources */,
				BCFDED012D3B45BD0023DC8A /* CenterPreviewView.swift in Sources */,
				BCFDED0D2D3B45BD0023DC8A /* NameRegisterViewModel.swift in Sources */,
				BCFDED192D3B45BE0023DC8A /* TopView.swift in Sources */,
				BCFDED022D3B45BD0023DC8A /* ContentFrameTrackableScrollView.swift in Sources */,
				BCFDED272D3B45BE0023DC8A /* WeaponSelectViewModel.swift in Sources */,
				BCFDED0C2D3B45BD0023DC8A /* NameRegisterViewFactory.swift in Sources */,
				BCFDED182D3B45BE0023DC8A /* SettingsViewModel.swift in Sources */,
				BCFDED242D3B45BE0023DC8A /* WeaponSelectViewController.swift in Sources */,
				BCFDED052D3B45BD0023DC8A /* SoundPlayer.swift in Sources */,
				BCFDED1F2D3B45BE0023DC8A /* TutorialViewFactory.swift in Sources */,
				BCFDED0A2D3B45BD0023DC8A /* GameViewModel.swift in Sources */,
				BCFDED172D3B45BE0023DC8A /* SettingsViewFactory.swift in Sources */,
				BCFDECFC2D3B45BD0023DC8A /* RepositoryFactory.swift in Sources */,
				BCFDED142D3B45BE0023DC8A /* ResultViewFactory.swift in Sources */,
				BCFDECFD2D3B45BD0023DC8A /* UseCaseFactory.swift in Sources */,
				BCFDED262D3B45BE0023DC8A /* WeaponSelectViewFactory.swift in Sources */,
				BCFDED0F2D3B45BE0023DC8A /* RankingListView.swift in Sources */,
				BCFDED082D3B45BD0023DC8A /* GameView.swift in Sources */,
				BCFDED392D3B45BE0023DC8A /* ColorTypeConverter.swift in Sources */,
				BCFDED1B2D3B45BE0023DC8A /* TopViewModel.swift in Sources */,
				BC90ECE02D47BD3500B34E4B /* AppDelegate.swift in Sources */,
				BCFDED1D2D3B45BE0023DC8A /* TutorialScrollViewItem.swift in Sources */,
				BCFDED132D3B45BE0023DC8A /* ResultView.swift in Sources */,
				BCFDED112D3B45BE0023DC8A /* RankingViewFactory.swift in Sources */,
				BCFDED1E2D3B45BE0023DC8A /* TutorialView.swift in Sources */,
				BCFDED032D3B45BD0023DC8A /* CustomModalPresenter.swift in Sources */,
				BCFDECFF2D3B45BD0023DC8A /* Double+Extension.swift in Sources */,
				BCFDED042D3B45BD0023DC8A /* SafariViewControllerRepresentable.swift in Sources */,
				BCFDED1A2D3B45BE0023DC8A /* TopViewFactory.swift in Sources */,
				BCFDED072D3B45BD0023DC8A /* UIBlurEffectViewRepresentable.swift in Sources */,
				BCFDED212D3B45BE0023DC8A /* WeaponSelectCell.swift in Sources */,
				BCFDED152D3B45BE0023DC8A /* ResultViewModel.swift in Sources */,
				BCFDED202D3B45BE0023DC8A /* TutorialViewModel.swift in Sources */,
				BCFDED1C2D3B45BE0023DC8A /* TutorialConst.swift in Sources */,
				BCFDED0B2D3B45BD0023DC8A /* NameRegisterView.swift in Sources */,
				BCFDED162D3B45BE0023DC8A /* SettingsView.swift in Sources */,
				BCFDECFE2D3B45BD0023DC8A /* Color+Extension.swift in Sources */,
				BCFDED002D3B45BD0023DC8A /* NSObject+Extension.swift in Sources */,
				BCFDED062D3B45BD0023DC8A /* StopMotionAnimationView.swift in Sources */,
				BCFDED282D3B45BE0023DC8A /* AR_GunManApp.swift in Sources */,
				BCFDED0E2D3B45BD0023DC8A /* RankingListItem.swift in Sources */,
				BC2BF8862D49D97700E202F0 /* ErrorConst.swift in Sources */,
				BCFDED102D3B45BE0023DC8A /* RankingView.swift in Sources */,
				BCFDED232D3B45BE0023DC8A /* WeaponSelectView.swift in Sources */,
				BCFDED122D3B45BE0023DC8A /* RankingViewModel.swift in Sources */,
			);
			runOnlyForDeploymentPostprocessing = 0;
		};
		59D2D4E72552DE67006DDB70 /* Sources */ = {
			isa = PBXSourcesBuildPhase;
			buildActionMask = 2147483647;
			files = (
			);
			runOnlyForDeploymentPostprocessing = 0;
		};
		59D2D4F22552DE67006DDB70 /* Sources */ = {
			isa = PBXSourcesBuildPhase;
			buildActionMask = 2147483647;
			files = (
			);
			runOnlyForDeploymentPostprocessing = 0;
		};
/* End PBXSourcesBuildPhase section */

/* Begin PBXTargetDependency section */
		59D2D4ED2552DE67006DDB70 /* PBXTargetDependency */ = {
			isa = PBXTargetDependency;
			target = 59D2D4D42552DE66006DDB70 /* AR-GunMan */;
			targetProxy = 59D2D4EC2552DE67006DDB70 /* PBXContainerItemProxy */;
		};
		59D2D4F82552DE67006DDB70 /* PBXTargetDependency */ = {
			isa = PBXTargetDependency;
			target = 59D2D4D42552DE66006DDB70 /* AR-GunMan */;
			targetProxy = 59D2D4F72552DE67006DDB70 /* PBXContainerItemProxy */;
		};
/* End PBXTargetDependency section */

/* Begin PBXVariantGroup section */
		59D2D4E32552DE67006DDB70 /* LaunchScreen.storyboard */ = {
			isa = PBXVariantGroup;
			children = (
				59D2D4E42552DE67006DDB70 /* Base */,
			);
			name = LaunchScreen.storyboard;
			sourceTree = "<group>";
		};
/* End PBXVariantGroup section */

/* Begin XCBuildConfiguration section */
		59D2D4FD2552DE67006DDB70 /* Debug */ = {
			isa = XCBuildConfiguration;
			buildSettings = {
				ALWAYS_SEARCH_USER_PATHS = NO;
				BUNDLE_SUFFIX = .dev;
				CLANG_ANALYZER_NONNULL = YES;
				CLANG_ANALYZER_NUMBER_OBJECT_CONVERSION = YES_AGGRESSIVE;
				CLANG_CXX_LANGUAGE_STANDARD = "gnu++14";
				CLANG_CXX_LIBRARY = "libc++";
				CLANG_ENABLE_MODULES = YES;
				CLANG_ENABLE_OBJC_ARC = YES;
				CLANG_ENABLE_OBJC_WEAK = YES;
				CLANG_WARN_BLOCK_CAPTURE_AUTORELEASING = YES;
				CLANG_WARN_BOOL_CONVERSION = YES;
				CLANG_WARN_COMMA = YES;
				CLANG_WARN_CONSTANT_CONVERSION = YES;
				CLANG_WARN_DEPRECATED_OBJC_IMPLEMENTATIONS = YES;
				CLANG_WARN_DIRECT_OBJC_ISA_USAGE = YES_ERROR;
				CLANG_WARN_DOCUMENTATION_COMMENTS = YES;
				CLANG_WARN_EMPTY_BODY = YES;
				CLANG_WARN_ENUM_CONVERSION = YES;
				CLANG_WARN_INFINITE_RECURSION = YES;
				CLANG_WARN_INT_CONVERSION = YES;
				CLANG_WARN_NON_LITERAL_NULL_CONVERSION = YES;
				CLANG_WARN_OBJC_IMPLICIT_RETAIN_SELF = YES;
				CLANG_WARN_OBJC_LITERAL_CONVERSION = YES;
				CLANG_WARN_OBJC_ROOT_CLASS = YES_ERROR;
				CLANG_WARN_QUOTED_INCLUDE_IN_FRAMEWORK_HEADER = YES;
				CLANG_WARN_RANGE_LOOP_ANALYSIS = YES;
				CLANG_WARN_STRICT_PROTOTYPES = YES;
				CLANG_WARN_SUSPICIOUS_MOVE = YES;
				CLANG_WARN_UNGUARDED_AVAILABILITY = YES_AGGRESSIVE;
				CLANG_WARN_UNREACHABLE_CODE = YES;
				CLANG_WARN__DUPLICATE_METHOD_MATCH = YES;
				COPY_PHASE_STRIP = NO;
				DEBUG_INFORMATION_FORMAT = dwarf;
				DISPLAY_NAME_SUFFIX = Dev;
				ENABLE_STRICT_OBJC_MSGSEND = YES;
				ENABLE_TESTABILITY = YES;
				GCC_C_LANGUAGE_STANDARD = gnu11;
				GCC_DYNAMIC_NO_PIC = NO;
				GCC_NO_COMMON_BLOCKS = YES;
				GCC_OPTIMIZATION_LEVEL = 0;
				GCC_PREPROCESSOR_DEFINITIONS = (
					"DEBUG=1",
					"$(inherited)",
				);
				GCC_WARN_64_TO_32_BIT_CONVERSION = YES;
				GCC_WARN_ABOUT_RETURN_TYPE = YES_ERROR;
				GCC_WARN_UNDECLARED_SELECTOR = YES;
				GCC_WARN_UNINITIALIZED_AUTOS = YES_AGGRESSIVE;
				GCC_WARN_UNUSED_FUNCTION = YES;
				GCC_WARN_UNUSED_VARIABLE = YES;
				IPHONEOS_DEPLOYMENT_TARGET = 17.0;
				MTL_ENABLE_DEBUG_INFO = INCLUDE_SOURCE;
				MTL_FAST_MATH = YES;
				ONLY_ACTIVE_ARCH = YES;
				SDKROOT = iphoneos;
				SWIFT_ACTIVE_COMPILATION_CONDITIONS = DEBUG;
				SWIFT_OPTIMIZATION_LEVEL = "-Onone";
			};
			name = Debug;
		};
		59D2D4FE2552DE67006DDB70 /* Release */ = {
			isa = XCBuildConfiguration;
			buildSettings = {
				ALWAYS_SEARCH_USER_PATHS = NO;
				BUNDLE_SUFFIX = "";
				CLANG_ANALYZER_NONNULL = YES;
				CLANG_ANALYZER_NUMBER_OBJECT_CONVERSION = YES_AGGRESSIVE;
				CLANG_CXX_LANGUAGE_STANDARD = "gnu++14";
				CLANG_CXX_LIBRARY = "libc++";
				CLANG_ENABLE_MODULES = YES;
				CLANG_ENABLE_OBJC_ARC = YES;
				CLANG_ENABLE_OBJC_WEAK = YES;
				CLANG_WARN_BLOCK_CAPTURE_AUTORELEASING = YES;
				CLANG_WARN_BOOL_CONVERSION = YES;
				CLANG_WARN_COMMA = YES;
				CLANG_WARN_CONSTANT_CONVERSION = YES;
				CLANG_WARN_DEPRECATED_OBJC_IMPLEMENTATIONS = YES;
				CLANG_WARN_DIRECT_OBJC_ISA_USAGE = YES_ERROR;
				CLANG_WARN_DOCUMENTATION_COMMENTS = YES;
				CLANG_WARN_EMPTY_BODY = YES;
				CLANG_WARN_ENUM_CONVERSION = YES;
				CLANG_WARN_INFINITE_RECURSION = YES;
				CLANG_WARN_INT_CONVERSION = YES;
				CLANG_WARN_NON_LITERAL_NULL_CONVERSION = YES;
				CLANG_WARN_OBJC_IMPLICIT_RETAIN_SELF = YES;
				CLANG_WARN_OBJC_LITERAL_CONVERSION = YES;
				CLANG_WARN_OBJC_ROOT_CLASS = YES_ERROR;
				CLANG_WARN_QUOTED_INCLUDE_IN_FRAMEWORK_HEADER = YES;
				CLANG_WARN_RANGE_LOOP_ANALYSIS = YES;
				CLANG_WARN_STRICT_PROTOTYPES = YES;
				CLANG_WARN_SUSPICIOUS_MOVE = YES;
				CLANG_WARN_UNGUARDED_AVAILABILITY = YES_AGGRESSIVE;
				CLANG_WARN_UNREACHABLE_CODE = YES;
				CLANG_WARN__DUPLICATE_METHOD_MATCH = YES;
				COPY_PHASE_STRIP = NO;
				DEBUG_INFORMATION_FORMAT = "dwarf-with-dsym";
				DISPLAY_NAME_SUFFIX = "";
				ENABLE_NS_ASSERTIONS = NO;
				ENABLE_STRICT_OBJC_MSGSEND = YES;
				GCC_C_LANGUAGE_STANDARD = gnu11;
				GCC_NO_COMMON_BLOCKS = YES;
				GCC_WARN_64_TO_32_BIT_CONVERSION = YES;
				GCC_WARN_ABOUT_RETURN_TYPE = YES_ERROR;
				GCC_WARN_UNDECLARED_SELECTOR = YES;
				GCC_WARN_UNINITIALIZED_AUTOS = YES_AGGRESSIVE;
				GCC_WARN_UNUSED_FUNCTION = YES;
				GCC_WARN_UNUSED_VARIABLE = YES;
				IPHONEOS_DEPLOYMENT_TARGET = 17.0;
				MTL_ENABLE_DEBUG_INFO = NO;
				MTL_FAST_MATH = YES;
				SDKROOT = iphoneos;
				SWIFT_COMPILATION_MODE = wholemodule;
				SWIFT_OPTIMIZATION_LEVEL = "-O";
				VALIDATE_PRODUCT = YES;
			};
			name = Release;
		};
		59D2D5002552DE67006DDB70 /* Debug */ = {
			isa = XCBuildConfiguration;
			baseConfigurationReference = 78CFE59EF646A91CDD65B43D /* Pods-AR-GunMan.debug.xcconfig */;
			buildSettings = {
				ASSETCATALOG_COMPILER_APPICON_NAME = AppIcon;
				ASSETCATALOG_COMPILER_GLOBAL_ACCENT_COLOR_NAME = AccentColor;
				CODE_SIGN_ENTITLEMENTS = "AR-GunMan/AR-GunMan.entitlements";
				CODE_SIGN_IDENTITY = "Apple Development";
				"CODE_SIGN_IDENTITY[sdk=iphoneos*]" = "iPhone Developer";
				CODE_SIGN_STYLE = Manual;
				DEVELOPMENT_TEAM = "";
				"DEVELOPMENT_TEAM[sdk=iphoneos*]" = 37MFDT4LMQ;
				INFOPLIST_FILE = "AR-GunMan/Info.plist";
				IPHONEOS_DEPLOYMENT_TARGET = 17.0;
				LD_RUNPATH_SEARCH_PATHS = (
					"$(inherited)",
					"@executable_path/Frameworks",
				);
				PRODUCT_BUNDLE_IDENTIFIER = "com.takamasafuksae.AR-GunMan${BUNDLE_SUFFIX}";
				PRODUCT_NAME = "$(TARGET_NAME) ${DISPLAY_NAME_SUFFIX}";
				PROVISIONING_PROFILE_SPECIFIER = "";
				"PROVISIONING_PROFILE_SPECIFIER[sdk=iphoneos*]" = "AR-GunMan_Development_dev";
				SWIFT_VERSION = 5.0;
				TARGETED_DEVICE_FAMILY = 1;
			};
			name = Debug;
		};
		59D2D5012552DE67006DDB70 /* Release */ = {
			isa = XCBuildConfiguration;
			baseConfigurationReference = F04E46645750BF2C9B420DED /* Pods-AR-GunMan.release.xcconfig */;
			buildSettings = {
				ASSETCATALOG_COMPILER_APPICON_NAME = AppIcon;
				ASSETCATALOG_COMPILER_GLOBAL_ACCENT_COLOR_NAME = AccentColor;
				CODE_SIGN_ENTITLEMENTS = "AR-GunMan/AR-GunMan.entitlements";
				CODE_SIGN_IDENTITY = "Apple Development";
				"CODE_SIGN_IDENTITY[sdk=iphoneos*]" = "iPhone Developer";
				CODE_SIGN_STYLE = Manual;
				DEVELOPMENT_TEAM = "";
				"DEVELOPMENT_TEAM[sdk=iphoneos*]" = 37MFDT4LMQ;
				INFOPLIST_FILE = "AR-GunMan/Info.plist";
				IPHONEOS_DEPLOYMENT_TARGET = 17.0;
				LD_RUNPATH_SEARCH_PATHS = (
					"$(inherited)",
					"@executable_path/Frameworks",
				);
				PRODUCT_BUNDLE_IDENTIFIER = "com.takamasafuksae.AR-GunMan${BUNDLE_SUFFIX}";
				PRODUCT_NAME = "$(TARGET_NAME) ${DISPLAY_NAME_SUFFIX}";
				PROVISIONING_PROFILE_SPECIFIER = "";
				"PROVISIONING_PROFILE_SPECIFIER[sdk=iphoneos*]" = "AR-GunMan_Development";
				SWIFT_VERSION = 5.0;
				TARGETED_DEVICE_FAMILY = 1;
			};
			name = Release;
		};
		59D2D5032552DE67006DDB70 /* Debug */ = {
			isa = XCBuildConfiguration;
			baseConfigurationReference = 279BF58C8346A5E3B5866A1B /* Pods-AR-GunManTests.debug.xcconfig */;
			buildSettings = {
				ALWAYS_EMBED_SWIFT_STANDARD_LIBRARIES = YES;
				BUNDLE_LOADER = "$(TEST_HOST)";
				CODE_SIGN_IDENTITY = "Apple Development";
				CODE_SIGN_STYLE = Automatic;
				DEVELOPMENT_TEAM = 37MFDT4LMQ;
				INFOPLIST_FILE = "AR-GunManTests/Info.plist";
				IPHONEOS_DEPLOYMENT_TARGET = 17.0;
				LD_RUNPATH_SEARCH_PATHS = (
					"$(inherited)",
					"@executable_path/Frameworks",
					"@loader_path/Frameworks",
				);
				PRODUCT_BUNDLE_IDENTIFIER = "com.takamasafuksae.AR-GunManTests";
				PRODUCT_NAME = "$(TARGET_NAME)";
				PROVISIONING_PROFILE_SPECIFIER = "";
				SWIFT_VERSION = 5.0;
				TARGETED_DEVICE_FAMILY = "1,2";
				TEST_HOST = "$(BUILT_PRODUCTS_DIR)/AR-GunMan.app/AR-GunMan";
			};
			name = Debug;
		};
		59D2D5042552DE67006DDB70 /* Release */ = {
			isa = XCBuildConfiguration;
			baseConfigurationReference = 922E5AAB43CC9536D84EF020 /* Pods-AR-GunManTests.release.xcconfig */;
			buildSettings = {
				ALWAYS_EMBED_SWIFT_STANDARD_LIBRARIES = YES;
				BUNDLE_LOADER = "$(TEST_HOST)";
				CODE_SIGN_IDENTITY = "Apple Development";
				CODE_SIGN_STYLE = Automatic;
				DEVELOPMENT_TEAM = 37MFDT4LMQ;
				INFOPLIST_FILE = "AR-GunManTests/Info.plist";
				IPHONEOS_DEPLOYMENT_TARGET = 17.0;
				LD_RUNPATH_SEARCH_PATHS = (
					"$(inherited)",
					"@executable_path/Frameworks",
					"@loader_path/Frameworks",
				);
				PRODUCT_BUNDLE_IDENTIFIER = "com.takamasafuksae.AR-GunManTests";
				PRODUCT_NAME = "$(TARGET_NAME)";
				PROVISIONING_PROFILE_SPECIFIER = "";
				SWIFT_VERSION = 5.0;
				TARGETED_DEVICE_FAMILY = "1,2";
				TEST_HOST = "$(BUILT_PRODUCTS_DIR)/AR-GunMan.app/AR-GunMan";
			};
			name = Release;
		};
		59D2D5062552DE67006DDB70 /* Debug */ = {
			isa = XCBuildConfiguration;
			baseConfigurationReference = 7CD697C6E134C845527E1E4C /* Pods-AR-GunMan-AR-GunManUITests.debug.xcconfig */;
			buildSettings = {
				ALWAYS_EMBED_SWIFT_STANDARD_LIBRARIES = YES;
				CODE_SIGN_IDENTITY = "Apple Development";
				CODE_SIGN_STYLE = Automatic;
				DEVELOPMENT_TEAM = 37MFDT4LMQ;
				INFOPLIST_FILE = "AR-GunManUITests/Info.plist";
				IPHONEOS_DEPLOYMENT_TARGET = 17.0;
				LD_RUNPATH_SEARCH_PATHS = (
					"$(inherited)",
					"@executable_path/Frameworks",
					"@loader_path/Frameworks",
				);
				PRODUCT_BUNDLE_IDENTIFIER = "com.takamasafuksae.AR-GunManUITests";
				PRODUCT_NAME = "$(TARGET_NAME)";
				PROVISIONING_PROFILE_SPECIFIER = "";
				SWIFT_VERSION = 5.0;
				TARGETED_DEVICE_FAMILY = "1,2";
				TEST_TARGET_NAME = "AR-GunMan";
			};
			name = Debug;
		};
		59D2D5072552DE67006DDB70 /* Release */ = {
			isa = XCBuildConfiguration;
			baseConfigurationReference = F878AB940BB378E586D8EE82 /* Pods-AR-GunMan-AR-GunManUITests.release.xcconfig */;
			buildSettings = {
				ALWAYS_EMBED_SWIFT_STANDARD_LIBRARIES = YES;
				CODE_SIGN_IDENTITY = "Apple Development";
				CODE_SIGN_STYLE = Automatic;
				DEVELOPMENT_TEAM = 37MFDT4LMQ;
				INFOPLIST_FILE = "AR-GunManUITests/Info.plist";
				IPHONEOS_DEPLOYMENT_TARGET = 17.0;
				LD_RUNPATH_SEARCH_PATHS = (
					"$(inherited)",
					"@executable_path/Frameworks",
					"@loader_path/Frameworks",
				);
				PRODUCT_BUNDLE_IDENTIFIER = "com.takamasafuksae.AR-GunManUITests";
				PRODUCT_NAME = "$(TARGET_NAME)";
				PROVISIONING_PROFILE_SPECIFIER = "";
				SWIFT_VERSION = 5.0;
				TARGETED_DEVICE_FAMILY = "1,2";
				TEST_TARGET_NAME = "AR-GunMan";
			};
			name = Release;
		};
/* End XCBuildConfiguration section */

/* Begin XCConfigurationList section */
		59D2D4D02552DE66006DDB70 /* Build configuration list for PBXProject "AR-GunMan" */ = {
			isa = XCConfigurationList;
			buildConfigurations = (
				59D2D4FD2552DE67006DDB70 /* Debug */,
				59D2D4FE2552DE67006DDB70 /* Release */,
			);
			defaultConfigurationIsVisible = 0;
			defaultConfigurationName = Release;
		};
		59D2D4FF2552DE67006DDB70 /* Build configuration list for PBXNativeTarget "AR-GunMan" */ = {
			isa = XCConfigurationList;
			buildConfigurations = (
				59D2D5002552DE67006DDB70 /* Debug */,
				59D2D5012552DE67006DDB70 /* Release */,
			);
			defaultConfigurationIsVisible = 0;
			defaultConfigurationName = Release;
		};
		59D2D5022552DE67006DDB70 /* Build configuration list for PBXNativeTarget "AR-GunManTests" */ = {
			isa = XCConfigurationList;
			buildConfigurations = (
				59D2D5032552DE67006DDB70 /* Debug */,
				59D2D5042552DE67006DDB70 /* Release */,
			);
			defaultConfigurationIsVisible = 0;
			defaultConfigurationName = Release;
		};
		59D2D5052552DE67006DDB70 /* Build configuration list for PBXNativeTarget "AR-GunManUITests" */ = {
			isa = XCConfigurationList;
			buildConfigurations = (
				59D2D5062552DE67006DDB70 /* Debug */,
				59D2D5072552DE67006DDB70 /* Release */,
			);
			defaultConfigurationIsVisible = 0;
			defaultConfigurationName = Release;
		};
/* End XCConfigurationList section */

/* Begin XCRemoteSwiftPackageReference section */
		BC330B292D499261007C4501 /* XCRemoteSwiftPackageReference "firebase-ios-sdk" */ = {
			isa = XCRemoteSwiftPackageReference;
			repositoryURL = "https://github.com/firebase/firebase-ios-sdk";
			requirement = {
				kind = upToNextMinorVersion;
				minimumVersion = 11.7.0;
			};
		};
/* End XCRemoteSwiftPackageReference section */

/* Begin XCSwiftPackageProductDependency section */
		BC330B2A2D499261007C4501 /* FirebaseFirestore */ = {
			isa = XCSwiftPackageProductDependency;
			package = BC330B292D499261007C4501 /* XCRemoteSwiftPackageReference "firebase-ios-sdk" */;
			productName = FirebaseFirestore;
		};
		BC5F55FD2D3B533500EA397A /* ARShooting */ = {
			isa = XCSwiftPackageProductDependency;
			productName = ARShooting;
		};
		BC5F55FF2D3B533500EA397A /* Data */ = {
			isa = XCSwiftPackageProductDependency;
			productName = Data;
		};
		BC5F56012D3B533500EA397A /* Domain */ = {
			isa = XCSwiftPackageProductDependency;
			productName = Domain;
		};
		BC5F56032D3B533500EA397A /* WeaponControlMotion */ = {
			isa = XCSwiftPackageProductDependency;
			productName = WeaponControlMotion;
		};
/* End XCSwiftPackageProductDependency section */
	};
	rootObject = 59D2D4CD2552DE66006DDB70 /* Project object */;
}
